
Microsoft Visual Studio Solution File, Format Version 12.00
# Visual Studio Version 17
VisualStudioVersion = 17.3.32721.290
MinimumVisualStudioVersion = 10.0.40219.1
Project("{FAE04EC0-301F-11D3-BF4B-00C04F79EFBC}") = "Limset", "Limset\Limset.csproj", "{1D096DCF-CE2F-46DC-92B9-7B473CAB549F}"
EndProject
Project("{2150E333-8FDC-42A3-9474-1A3956D46DE8}") = "Solution Items", "Solution Items", "{6BB50D38-E9DB-4808-8525-A0E7EB2F445B}"
	ProjectSection(SolutionItems) = preProject
		.editorconfig = .editorconfig
	EndProjectSection
EndProject
Global
	GlobalSection(SolutionConfigurationPlatforms) = preSolution
		Debug|Any CPU = Debug|Any CPU
		Release|Any CPU = Release|Any CPU
	EndGlobalSection
	GlobalSection(ProjectConfigurationPlatforms) = postSolution
		{1D096DCF-CE2F-46DC-92B9-7B473CAB549F}.Debug|Any CPU.ActiveCfg = Debug|Any CPU
		{1D096DCF-CE2F-46DC-92B9-7B473CAB549F}.Debug|Any CPU.Build.0 = Debug|Any CPU
		{1D096DCF-CE2F-46DC-92B9-7B473CAB549F}.Release|Any CPU.ActiveCfg = Release|Any CPU
		{1D096DCF-CE2F-46DC-92B9-7B473CAB549F}.Release|Any CPU.Build.0 = Release|Any CPU
	EndGlobalSection
	GlobalSection(SolutionProperties) = preSolution
		HideSolutionNode = FALSE
	EndGlobalSection
	GlobalSection(ExtensibilityGlobals) = postSolution
		SolutionGuid = {31BFA0D6-AADB-4423-96E3-2F960B3A10FD}
	EndGlobalSection
EndGlobal
